<?xml version="1.0" encoding="utf-8"?>
<Project ToolsVersion="4.0" xmlns="http://schemas.microsoft.com/developer/msbuild/2003">
  <ItemGroup>
    <Filter Include="Source Files">
      <UniqueIdentifier>{4FC737F1-C7A5-4376-A066-2A32D752A2FF}</UniqueIdentifier>
      <Extensions>cpp;c;cc;cxx;c++;cppm;ixx;def;odl;idl;hpj;bat;asm;asmx</Extensions>
    </Filter>
    <Filter Include="Header Files">
      <UniqueIdentifier>{93995380-89BD-4b04-88EB-625FBE52EBFB}</UniqueIdentifier>
      <Extensions>h;hh;hpp;hxx;h++;hm;inl;inc;ipp;xsd</Extensions>
    </Filter>
    <Filter Include="Resource Files">
      <UniqueIdentifier>{67DA6AB6-F800-4c08-8B7A-83BB121AAD01}</UniqueIdentifier>
      <Extensions>rc;ico;cur;bmp;dlg;rc2;rct;bin;rgs;gif;jpg;jpeg;jpe;resx;tiff;tif;png;wav;mfcribbon-ms</Extensions>
    </Filter>
    <Filter Include="Source Files\src">
      <UniqueIdentifier>{d7ce0a35-4b09-4644-bbc0-8c4922a9938a}</UniqueIdentifier>
    </Filter>
    <Filter Include="Source Files\src\core">
      <UniqueIdentifier>{9adf6680-cd9e-4418-8055-c0480b1d039e}</UniqueIdentifier>
    </Filter>
    <Filter Include="Source Files\src\input">
      <UniqueIdentifier>{4055f5bf-46d7-4bfd-80ff-f4cb486b4092}</UniqueIdentifier>
    </Filter>
    <Filter Include="Source Files\src\entities">
      <UniqueIdentifier>{fca24f47-976a-4ae6-b2f4-a97a4c030220}</UniqueIdentifier>
    </Filter>
    <Filter Include="Source Files\src\util">
      <UniqueIdentifier>{2ba35a22-ceb7-4ed9-bde3-542ab7db2c03}</UniqueIdentifier>
    </Filter>
  </ItemGroup>
  <ItemGroup>
    <ClCompile Include="main.cpp">
      <Filter>Source Files</Filter>
    </ClCompile>
    <ClCompile Include="Player.cpp">
      <Filter>Source Files\src\input</Filter>
    </ClCompile>
    <ClCompile Include="src\core\Application.cpp">
      <Filter>Source Files\src\core</Filter>
    </ClCompile>
    <ClCompile Include="src\entities\Entity.cpp">
      <Filter>Source Files\src\entities</Filter>
    </ClCompile>
    <ClCompile Include="src\entities\Tetromino.cpp">
      <Filter>Source Files\src\entities</Filter>
    </ClCompile>
    <ClCompile Include="src\util\DataTables.cpp">
      <Filter>Source Files\src\util</Filter>
    </ClCompile>
  </ItemGroup>
  <ItemGroup>
    <ClInclude Include="Player.h">
      <Filter>Source Files\src\input</Filter>
    </ClInclude>
    <ClInclude Include="src\core\Application.h">
      <Filter>Source Files\src\core</Filter>
    </ClInclude>
    <ClInclude Include="src\entities\Entity.h">
      <Filter>Source Files\src\entities</Filter>
    </ClInclude>
    <ClInclude Include="src\entities\Tetromino.h">
      <Filter>Source Files\src\entities</Filter>
    </ClInclude>
    <ClInclude Include="src\util\DataTables.h">
      <Filter>Source Files\src\util</Filter>
    </ClInclude>
  </ItemGroup>
</Project>